
Microsoft Visual Studio Solution File, Format Version 12.00
# Visual Studio Version 17
VisualStudioVersion = 17.13.35919.96 d17.13
MinimumVisualStudioVersion = 10.0.40219.1
Project("{FAE04EC0-301F-11D3-BF4B-00C04F79EFBC}") = "SocialApp", "SocialApp\SocialApp.csproj", "{0F57FF77-5418-46E8-8524-C837236826CD}"
EndProject
Global
	GlobalSection(SolutionConfigurationPlatforms) = preSolution
		Debug|Any CPU = Debug|Any CPU
		Release|Any CPU = Release|Any CPU
	EndGlobalSection
	GlobalSection(ProjectConfigurationPlatforms) = postSolution
		{0F57FF77-5418-46E8-8524-C837236826CD}.Debug|Any CPU.ActiveCfg = Debug|Any CPU
		{0F57FF77-5418-46E8-8524-C837236826CD}.Debug|Any CPU.Build.0 = Debug|Any CPU
		{0F57FF77-5418-46E8-8524-C837236826CD}.Release|Any CPU.ActiveCfg = Release|Any CPU
		{0F57FF77-5418-46E8-8524-C837236826CD}.Release|Any CPU.Build.0 = Release|Any CPU
	EndGlobalSection
	GlobalSection(SolutionProperties) = preSolution
		HideSolutionNode = FALSE
	EndGlobalSection
	GlobalSection(ExtensibilityGlobals) = postSolution
		SolutionGuid = {C7537346-1D6D-4B5D-9066-7736773CDAE2}
	EndGlobalSection
EndGlobal
